// !$*UTF8*$!
{
	archiveVersion = 1;
	classes = {
	};
	objectVersion = 46;
	objects = {

/* Begin PBXBuildFile section */
		168E45581F948B28006285BA /* main.m in Sources */ = {isa = PBXBuildFile; fileRef = 168E45571F948B28006285BA /* main.m */; };
		168E455B1F948B28006285BA /* AppDelegate.m in Sources */ = {isa = PBXBuildFile; fileRef = 168E455A1F948B28006285BA /* AppDelegate.m */; };
		168E455E1F948B29006285BA /* ViewController.m in Sources */ = {isa = PBXBuildFile; fileRef = 168E455D1F948B29006285BA /* ViewController.m */; };
		168E45611F948B29006285BA /* Main.storyboard in Resources */ = {isa = PBXBuildFile; fileRef = 168E455F1F948B29006285BA /* Main.storyboard */; };
		168E45631F948B29006285BA /* Assets.xcassets in Resources */ = {isa = PBXBuildFile; fileRef = 168E45621F948B29006285BA /* Assets.xcassets */; };
		168E45661F948B29006285BA /* LaunchScreen.storyboard in Resources */ = {isa = PBXBuildFile; fileRef = 168E45641F948B29006285BA /* LaunchScreen.storyboard */; };
		168E45711F948B29006285BA /* JLXSectionIndexHintsTests.m in Sources */ = {isa = PBXBuildFile; fileRef = 168E45701F948B29006285BA /* JLXSectionIndexHintsTests.m */; };
		168E457C1F948B2A006285BA /* JLXSectionIndexHintsUITests.m in Sources */ = {isa = PBXBuildFile; fileRef = 168E457B1F948B2A006285BA /* JLXSectionIndexHintsUITests.m */; };
		168E458B1F948BDD006285BA /* ContactViewController.m in Sources */ = {isa = PBXBuildFile; fileRef = 168E458A1F948BDD006285BA /* ContactViewController.m */; };
		168E458F1F948D09006285BA /* UITableView+JLXSectionIndexHints.m in Sources */ = {isa = PBXBuildFile; fileRef = 168E458E1F948D09006285BA /* UITableView+JLXSectionIndexHints.m */; };
		168E45921F948E52006285BA /* ContactModel.m in Sources */ = {isa = PBXBuildFile; fileRef = 168E45911F948E52006285BA /* ContactModel.m */; };
		168E45951F948E91006285BA /* ContactData.m in Sources */ = {isa = PBXBuildFile; fileRef = 168E45941F948E91006285BA /* ContactData.m */; };
		168E45981F948EF4006285BA /* ContactIndex.m in Sources */ = {isa = PBXBuildFile; fileRef = 168E45971F948EF4006285BA /* ContactIndex.m */; };
		168E459B1F949020006285BA /* ChineseToPinyin.m in Sources */ = {isa = PBXBuildFile; fileRef = 168E459A1F949020006285BA /* ChineseToPinyin.m */; };
		168E459D1F94ABFA006285BA /* 29B025749031BB7EAAE06009ADD9B267.png in Resources */ = {isa = PBXBuildFile; fileRef = 168E459C1F94ABFA006285BA /* 29B025749031BB7EAAE06009ADD9B267.png */; };
		168E459F1F94AC00006285BA /* 750C132F7317FE7DC7DBBE5E8CFF5460.png in Resources */ = {isa = PBXBuildFile; fileRef = 168E459E1F94AC00006285BA /* 750C132F7317FE7DC7DBBE5E8CFF5460.png */; };
/* End PBXBuildFile section */

/* Begin PBXContainerItemProxy section */
		168E456D1F948B29006285BA /* PBXContainerItemProxy */ = {
			isa = PBXContainerItemProxy;
			containerPortal = 168E454B1F948B28006285BA /* Project object */;
			proxyType = 1;
			remoteGlobalIDString = 168E45521F948B28006285BA;
			remoteInfo = JLXSectionIndexHints;
		};
		168E45781F948B2A006285BA /* PBXContainerItemProxy */ = {
			isa = PBXContainerItemProxy;
			containerPortal = 168E454B1F948B28006285BA /* Project object */;
			proxyType = 1;
			remoteGlobalIDString = 168E45521F948B28006285BA;
			remoteInfo = JLXSectionIndexHints;
		};
/* End PBXContainerItemProxy section */

/* Begin PBXFileReference section */
		168E45531F948B28006285BA /* JLXSectionIndexHints.app */ = {isa = PBXFileReference; explicitFileType = wrapper.application; includeInIndex = 0; path = JLXSectionIndexHints.app; sourceTree = BUILT_PRODUCTS_DIR; };
		168E45571F948B28006285BA /* main.m */ = {isa = PBXFileReference; lastKnownFileType = sourcecode.c.objc; path = main.m; sourceTree = "<group>"; };
		168E45591F948B28006285BA /* AppDelegate.h */ = {isa = PBXFileReference; lastKnownFileType = sourcecode.c.h; path = AppDelegate.h; sourceTree = "<group>"; };
		168E455A1F948B28006285BA /* AppDelegate.m */ = {isa = PBXFileReference; lastKnownFileType = sourcecode.c.objc; path = AppDelegate.m; sourceTree = "<group>"; };
		168E455C1F948B28006285BA /* ViewController.h */ = {isa = PBXFileReference; lastKnownFileType = sourcecode.c.h; path = ViewController.h; sourceTree = "<group>"; };
		168E455D1F948B29006285BA /* ViewController.m */ = {isa = PBXFileReference; lastKnownFileType = sourcecode.c.objc; path = ViewController.m; sourceTree = "<group>"; };
		168E45601F948B29006285BA /* Base */ = {isa = PBXFileReference; lastKnownFileType = file.storyboard; name = Base; path = Base.lproj/Main.storyboard; sourceTree = "<group>"; };
		168E45621F948B29006285BA /* Assets.xcassets */ = {isa = PBXFileReference; lastKnownFileType = folder.assetcatalog; path = Assets.xcassets; sourceTree = "<group>"; };
		168E45651F948B29006285BA /* Base */ = {isa = PBXFileReference; lastKnownFileType = file.storyboard; name = Base; path = Base.lproj/LaunchScreen.storyboard; sourceTree = "<group>"; };
		168E45671F948B29006285BA /* Info.plist */ = {isa = PBXFileReference; lastKnownFileType = text.plist.xml; path = Info.plist; sourceTree = "<group>"; };
		168E456C1F948B29006285BA /* JLXSectionIndexHintsTests.xctest */ = {isa = PBXFileReference; explicitFileType = wrapper.cfbundle; includeInIndex = 0; path = JLXSectionIndexHintsTests.xctest; sourceTree = BUILT_PRODUCTS_DIR; };
		168E45701F948B29006285BA /* JLXSectionIndexHintsTests.m */ = {isa = PBXFileReference; lastKnownFileType = sourcecode.c.objc; path = JLXSectionIndexHintsTests.m; sourceTree = "<group>"; };
		168E45721F948B29006285BA /* Info.plist */ = {isa = PBXFileReference; lastKnownFileType = text.plist.xml; path = Info.plist; sourceTree = "<group>"; };
		168E45771F948B2A006285BA /* JLXSectionIndexHintsUITests.xctest */ = {isa = PBXFileReference; explicitFileType = wrapper.cfbundle; includeInIndex = 0; path = JLXSectionIndexHintsUITests.xctest; sourceTree = BUILT_PRODUCTS_DIR; };
		168E457B1F948B2A006285BA /* JLXSectionIndexHintsUITests.m */ = {isa = PBXFileReference; lastKnownFileType = sourcecode.c.objc; path = JLXSectionIndexHintsUITests.m; sourceTree = "<group>"; };
		168E457D1F948B2A006285BA /* Info.plist */ = {isa = PBXFileReference; lastKnownFileType = text.plist.xml; path = Info.plist; sourceTree = "<group>"; };
		168E45891F948BDD006285BA /* ContactViewController.h */ = {isa = PBXFileReference; fileEncoding = 4; lastKnownFileType = sourcecode.c.h; path = ContactViewController.h; sourceTree = "<group>"; };
		168E458A1F948BDD006285BA /* ContactViewController.m */ = {isa = PBXFileReference; fileEncoding = 4; lastKnownFileType = sourcecode.c.objc; path = ContactViewController.m; sourceTree = "<group>"; };
		168E458D1F948D09006285BA /* UITableView+JLXSectionIndexHints.h */ = {isa = PBXFileReference; fileEncoding = 4; lastKnownFileType = sourcecode.c.h; path = "UITableView+JLXSectionIndexHints.h"; sourceTree = "<group>"; };
		168E458E1F948D09006285BA /* UITableView+JLXSectionIndexHints.m */ = {isa = PBXFileReference; fileEncoding = 4; lastKnownFileType = sourcecode.c.objc; path = "UITableView+JLXSectionIndexHints.m"; sourceTree = "<group>"; };
		168E45901F948E52006285BA /* ContactModel.h */ = {isa = PBXFileReference; fileEncoding = 4; lastKnownFileType = sourcecode.c.h; path = ContactModel.h; sourceTree = "<group>"; };
		168E45911F948E52006285BA /* ContactModel.m */ = {isa = PBXFileReference; fileEncoding = 4; lastKnownFileType = sourcecode.c.objc; path = ContactModel.m; sourceTree = "<group>"; };
		168E45931F948E91006285BA /* ContactData.h */ = {isa = PBXFileReference; fileEncoding = 4; lastKnownFileType = sourcecode.c.h; path = ContactData.h; sourceTree = "<group>"; };
		168E45941F948E91006285BA /* ContactData.m */ = {isa = PBXFileReference; fileEncoding = 4; lastKnownFileType = sourcecode.c.objc; path = ContactData.m; sourceTree = "<group>"; };
		168E45961F948EF4006285BA /* ContactIndex.h */ = {isa = PBXFileReference; fileEncoding = 4; lastKnownFileType = sourcecode.c.h; path = ContactIndex.h; sourceTree = "<group>"; };
		168E45971F948EF4006285BA /* ContactIndex.m */ = {isa = PBXFileReference; fileEncoding = 4; lastKnownFileType = sourcecode.c.objc; path = ContactIndex.m; sourceTree = "<group>"; };
		168E45991F949020006285BA /* ChineseToPinyin.h */ = {isa = PBXFileReference; fileEncoding = 4; lastKnownFileType = sourcecode.c.h; path = ChineseToPinyin.h; sourceTree = "<group>"; };
		168E459A1F949020006285BA /* ChineseToPinyin.m */ = {isa = PBXFileReference; fileEncoding = 4; lastKnownFileType = sourcecode.c.objc; path = ChineseToPinyin.m; sourceTree = "<group>"; };
		168E459C1F94ABFA006285BA /* 29B025749031BB7EAAE06009ADD9B267.png */ = {isa = PBXFileReference; lastKnownFileType = image.png; path = 29B025749031BB7EAAE06009ADD9B267.png; sourceTree = "<group>"; };
		168E459E1F94AC00006285BA /* 750C132F7317FE7DC7DBBE5E8CFF5460.png */ = {isa = PBXFileReference; lastKnownFileType = image.png; path = 750C132F7317FE7DC7DBBE5E8CFF5460.png; sourceTree = "<group>"; };
/* End PBXFileReference section */

/* Begin PBXFrameworksBuildPhase section */
		168E45501F948B28006285BA /* Frameworks */ = {
			isa = PBXFrameworksBuildPhase;
			buildActionMask = 2147483647;
			files = (
			);
			runOnlyForDeploymentPostprocessing = 0;
		};
		168E45691F948B29006285BA /* Frameworks */ = {
			isa = PBXFrameworksBuildPhase;
			buildActionMask = 2147483647;
			files = (
			);
			runOnlyForDeploymentPostprocessing = 0;
		};
		168E45741F948B2A006285BA /* Frameworks */ = {
			isa = PBXFrameworksBuildPhase;
			buildActionMask = 2147483647;
			files = (
			);
			runOnlyForDeploymentPostprocessing = 0;
		};
/* End PBXFrameworksBuildPhase section */

/* Begin PBXGroup section */
		168E454A1F948B28006285BA = {
			isa = PBXGroup;
			children = (
				168E45551F948B28006285BA /* JLXSectionIndexHints */,
				168E456F1F948B29006285BA /* JLXSectionIndexHintsTests */,
				168E457A1F948B2A006285BA /* JLXSectionIndexHintsUITests */,
				168E45541F948B28006285BA /* Products */,
			);
			sourceTree = "<group>";
		};
		168E45541F948B28006285BA /* Products */ = {
			isa = PBXGroup;
			children = (
				168E45531F948B28006285BA /* JLXSectionIndexHints.app */,
				168E456C1F948B29006285BA /* JLXSectionIndexHintsTests.xctest */,
				168E45771F948B2A006285BA /* JLXSectionIndexHintsUITests.xctest */,
			);
			name = Products;
			sourceTree = "<group>";
		};
		168E45551F948B28006285BA /* JLXSectionIndexHints */ = {
			isa = PBXGroup;
			children = (
				168E458C1F948CBC006285BA /* JLXSectionIndexHints */,
				168E45591F948B28006285BA /* AppDelegate.h */,
				168E455A1F948B28006285BA /* AppDelegate.m */,
				168E455C1F948B28006285BA /* ViewController.h */,
				168E455D1F948B29006285BA /* ViewController.m */,
				168E45891F948BDD006285BA /* ContactViewController.h */,
				168E458A1F948BDD006285BA /* ContactViewController.m */,
				168E45901F948E52006285BA /* ContactModel.h */,
				168E45911F948E52006285BA /* ContactModel.m */,
				168E45931F948E91006285BA /* ContactData.h */,
				168E45941F948E91006285BA /* ContactData.m */,
				168E45961F948EF4006285BA /* ContactIndex.h */,
				168E45971F948EF4006285BA /* ContactIndex.m */,
				168E45991F949020006285BA /* ChineseToPinyin.h */,
				168E459A1F949020006285BA /* ChineseToPinyin.m */,
				168E455F1F948B29006285BA /* Main.storyboard */,
				168E45621F948B29006285BA /* Assets.xcassets */,
				168E45641F948B29006285BA /* LaunchScreen.storyboard */,
				168E45671F948B29006285BA /* Info.plist */,
				168E45561F948B28006285BA /* Supporting Files */,
			);
			path = JLXSectionIndexHints;
			sourceTree = "<group>";
		};
		168E45561F948B28006285BA /* Supporting Files */ = {
			isa = PBXGroup;
			children = (
				168E459E1F94AC00006285BA /* 750C132F7317FE7DC7DBBE5E8CFF5460.png */,
				168E459C1F94ABFA006285BA /* 29B025749031BB7EAAE06009ADD9B267.png */,
				168E45571F948B28006285BA /* main.m */,
			);
			name = "Supporting Files";
			sourceTree = "<group>";
		};
		168E456F1F948B29006285BA /* JLXSectionIndexHintsTests */ = {
			isa = PBXGroup;
			children = (
				168E45701F948B29006285BA /* JLXSectionIndexHintsTests.m */,
				168E45721F948B29006285BA /* Info.plist */,
			);
			path = JLXSectionIndexHintsTests;
			sourceTree = "<group>";
		};
		168E457A1F948B2A006285BA /* JLXSectionIndexHintsUITests */ = {
			isa = PBXGroup;
			children = (
				168E457B1F948B2A006285BA /* JLXSectionIndexHintsUITests.m */,
				168E457D1F948B2A006285BA /* Info.plist */,
			);
			path = JLXSectionIndexHintsUITests;
			sourceTree = "<group>";
		};
		168E458C1F948CBC006285BA /* JLXSectionIndexHints */ = {
			isa = PBXGroup;
			children = (
				168E458D1F948D09006285BA /* UITableView+JLXSectionIndexHints.h */,
				168E458E1F948D09006285BA /* UITableView+JLXSectionIndexHints.m */,
			);
			path = JLXSectionIndexHints;
			sourceTree = "<group>";
		};
/* End PBXGroup section */

/* Begin PBXNativeTarget section */
		168E45521F948B28006285BA /* JLXSectionIndexHints */ = {
			isa = PBXNativeTarget;
			buildConfigurationList = 168E45801F948B2A006285BA /* Build configuration list for PBXNativeTarget "JLXSectionIndexHints" */;
			buildPhases = (
				168E454F1F948B28006285BA /* Sources */,
				168E45501F948B28006285BA /* Frameworks */,
				168E45511F948B28006285BA /* Resources */,
			);
			buildRules = (
			);
			dependencies = (
			);
			name = JLXSectionIndexHints;
			productName = JLXSectionIndexHints;
			productReference = 168E45531F948B28006285BA /* JLXSectionIndexHints.app */;
			productType = "com.apple.product-type.application";
		};
		168E456B1F948B29006285BA /* JLXSectionIndexHintsTests */ = {
			isa = PBXNativeTarget;
			buildConfigurationList = 168E45831F948B2A006285BA /* Build configuration list for PBXNativeTarget "JLXSectionIndexHintsTests" */;
			buildPhases = (
				168E45681F948B29006285BA /* Sources */,
				168E45691F948B29006285BA /* Frameworks */,
				168E456A1F948B29006285BA /* Resources */,
			);
			buildRules = (
			);
			dependencies = (
				168E456E1F948B29006285BA /* PBXTargetDependency */,
			);
			name = JLXSectionIndexHintsTests;
			productName = JLXSectionIndexHintsTests;
			productReference = 168E456C1F948B29006285BA /* JLXSectionIndexHintsTests.xctest */;
			productType = "com.apple.product-type.bundle.unit-test";
		};
		168E45761F948B2A006285BA /* JLXSectionIndexHintsUITests */ = {
			isa = PBXNativeTarget;
			buildConfigurationList = 168E45861F948B2A006285BA /* Build configuration list for PBXNativeTarget "JLXSectionIndexHintsUITests" */;
			buildPhases = (
				168E45731F948B2A006285BA /* Sources */,
				168E45741F948B2A006285BA /* Frameworks */,
				168E45751F948B2A006285BA /* Resources */,
			);
			buildRules = (
			);
			dependencies = (
				168E45791F948B2A006285BA /* PBXTargetDependency */,
			);
			name = JLXSectionIndexHintsUITests;
			productName = JLXSectionIndexHintsUITests;
			productReference = 168E45771F948B2A006285BA /* JLXSectionIndexHintsUITests.xctest */;
			productType = "com.apple.product-type.bundle.ui-testing";
		};
/* End PBXNativeTarget section */

/* Begin PBXProject section */
		168E454B1F948B28006285BA /* Project object */ = {
			isa = PBXProject;
			attributes = {
				LastUpgradeCheck = 0820;
				ORGANIZATIONNAME = huatan;
				TargetAttributes = {
					168E45521F948B28006285BA = {
						CreatedOnToolsVersion = 8.2.1;
						DevelopmentTeam = BMF3J9Z4YF;
						ProvisioningStyle = Automatic;
					};
					168E456B1F948B29006285BA = {
						CreatedOnToolsVersion = 8.2.1;
						ProvisioningStyle = Automatic;
						TestTargetID = 168E45521F948B28006285BA;
					};
					168E45761F948B2A006285BA = {
						CreatedOnToolsVersion = 8.2.1;
						ProvisioningStyle = Automatic;
						TestTargetID = 168E45521F948B28006285BA;
					};
				};
			};
			buildConfigurationList = 168E454E1F948B28006285BA /* Build configuration list for PBXProject "JLXSectionIndexHints" */;
			compatibilityVersion = "Xcode 3.2";
			developmentRegion = English;
			hasScannedForEncodings = 0;
			knownRegions = (
				en,
				Base,
			);
			mainGroup = 168E454A1F948B28006285BA;
			productRefGroup = 168E45541F948B28006285BA /* Products */;
			projectDirPath = "";
			projectRoot = "";
			targets = (
				168E45521F948B28006285BA /* JLXSectionIndexHints */,
				168E456B1F948B29006285BA /* JLXSectionIndexHintsTests */,
				168E45761F948B2A006285BA /* JLXSectionIndexHintsUITests */,
			);
		};
/* End PBXProject section */

/* Begin PBXResourcesBuildPhase section */
		168E45511F948B28006285BA /* Resources */ = {
			isa = PBXResourcesBuildPhase;
			buildActionMask = 2147483647;
			files = (
				168E459D1F94ABFA006285BA /* 29B025749031BB7EAAE06009ADD9B267.png in Resources */,
				168E459F1F94AC00006285BA /* 750C132F7317FE7DC7DBBE5E8CFF5460.png in Resources */,
				168E45661F948B29006285BA /* LaunchScreen.storyboard in Resources */,
				168E45631F948B29006285BA /* Assets.xcassets in Resources */,
				168E45611F948B29006285BA /* Main.storyboard in Resources */,
			);
			runOnlyForDeploymentPostprocessing = 0;
		};
		168E456A1F948B29006285BA /* Resources */ = {
			isa = PBXResourcesBuildPhase;
			buildActionMask = 2147483647;
			files = (
			);
			runOnlyForDeploymentPostprocessing = 0;
		};
		168E45751F948B2A006285BA /* Resources */ = {
			isa = PBXResourcesBuildPhase;
			buildActionMask = 2147483647;
			files = (
			);
			runOnlyForDeploymentPostprocessing = 0;
		};
/* End PBXResourcesBuildPhase section */

/* Begin PBXSourcesBuildPhase section */
		168E454F1F948B28006285BA /* Sources */ = {
			isa = PBXSourcesBuildPhase;
			buildActionMask = 2147483647;
			files = (
				168E45921F948E52006285BA /* ContactModel.m in Sources */,
				168E455E1F948B29006285BA /* ViewController.m in Sources */,
				168E458F1F948D09006285BA /* UITableView+JLXSectionIndexHints.m in Sources */,
				168E459B1F949020006285BA /* ChineseToPinyin.m in Sources */,
				168E458B1F948BDD006285BA /* ContactViewController.m in Sources */,
				168E455B1F948B28006285BA /* AppDelegate.m in Sources */,
				168E45981F948EF4006285BA /* ContactIndex.m in Sources */,
				168E45951F948E91006285BA /* ContactData.m in Sources */,
				168E45581F948B28006285BA /* main.m in Sources */,
			);
			runOnlyForDeploymentPostprocessing = 0;
		};
		168E45681F948B29006285BA /* Sources */ = {
			isa = PBXSourcesBuildPhase;
			buildActionMask = 2147483647;
			files = (
				168E45711F948B29006285BA /* JLXSectionIndexHintsTests.m in Sources */,
			);
			runOnlyForDeploymentPostprocessing = 0;
		};
		168E45731F948B2A006285BA /* Sources */ = {
			isa = PBXSourcesBuildPhase;
			buildActionMask = 2147483647;
			files = (
				168E457C1F948B2A006285BA /* JLXSectionIndexHintsUITests.m in Sources */,
			);
			runOnlyForDeploymentPostprocessing = 0;
		};
/* End PBXSourcesBuildPhase section */

/* Begin PBXTargetDependency section */
		168E456E1F948B29006285BA /* PBXTargetDependency */ = {
			isa = PBXTargetDependency;
			target = 168E45521F948B28006285BA /* JLXSectionIndexHints */;
			targetProxy = 168E456D1F948B29006285BA /* PBXContainerItemProxy */;
		};
		168E45791F948B2A006285BA /* PBXTargetDependency */ = {
			isa = PBXTargetDependency;
			target = 168E45521F948B28006285BA /* JLXSectionIndexHints */;
			targetProxy = 168E45781F948B2A006285BA /* PBXContainerItemProxy */;
		};
/* End PBXTargetDependency section */

/* Begin PBXVariantGroup section */
		168E455F1F948B29006285BA /* Main.storyboard */ = {
			isa = PBXVariantGroup;
			children = (
				168E45601F948B29006285BA /* Base */,
			);
			name = Main.storyboard;
			sourceTree = "<group>";
		};
		168E45641F948B29006285BA /* LaunchScreen.storyboard */ = {
			isa = PBXVariantGroup;
			children = (
				168E45651F948B29006285BA /* Base */,
			);
			name = LaunchScreen.storyboard;
			sourceTree = "<group>";
		};
/* End PBXVariantGroup section */

/* Begin XCBuildConfiguration section */
		168E457E1F948B2A006285BA /* Debug */ = {
			isa = XCBuildConfiguration;
			buildSettings = {
				ALWAYS_SEARCH_USER_PATHS = NO;
				CLANG_ANALYZER_NONNULL = YES;
				CLANG_CXX_LANGUAGE_STANDARD = "gnu++0x";
				CLANG_CXX_LIBRARY = "libc++";
				CLANG_ENABLE_MODULES = YES;
				CLANG_ENABLE_OBJC_ARC = YES;
				CLANG_WARN_BOOL_CONVERSION = YES;
				CLANG_WARN_CONSTANT_CONVERSION = YES;
				CLANG_WARN_DIRECT_OBJC_ISA_USAGE = YES_ERROR;
				CLANG_WARN_DOCUMENTATION_COMMENTS = YES;
				CLANG_WARN_EMPTY_BODY = YES;
				CLANG_WARN_ENUM_CONVERSION = YES;
				CLANG_WARN_INFINITE_RECURSION = YES;
				CLANG_WARN_INT_CONVERSION = YES;
				CLANG_WARN_OBJC_ROOT_CLASS = YES_ERROR;
				CLANG_WARN_SUSPICIOUS_MOVE = YES;
				CLANG_WARN_UNREACHABLE_CODE = YES;
				CLANG_WARN__DUPLICATE_METHOD_MATCH = YES;
				"CODE_SIGN_IDENTITY[sdk=iphoneos*]" = "iPhone Developer";
				COPY_PHASE_STRIP = NO;
				DEBUG_INFORMATION_FORMAT = dwarf;
				ENABLE_STRICT_OBJC_MSGSEND = YES;
				ENABLE_TESTABILITY = YES;
				GCC_C_LANGUAGE_STANDARD = gnu99;
				GCC_DYNAMIC_NO_PIC = NO;
				GCC_NO_COMMON_BLOCKS = YES;
				GCC_OPTIMIZATION_LEVEL = 0;
				GCC_PREPROCESSOR_DEFINITIONS = (
					"DEBUG=1",
					"$(inherited)",
				);
				GCC_WARN_64_TO_32_BIT_CONVERSION = YES;
				GCC_WARN_ABOUT_RETURN_TYPE = YES_ERROR;
				GCC_WARN_UNDECLARED_SELECTOR = YES;
				GCC_WARN_UNINITIALIZED_AUTOS = YES_AGGRESSIVE;
				GCC_WARN_UNUSED_FUNCTION = YES;
				GCC_WARN_UNUSED_VARIABLE = YES;
				IPHONEOS_DEPLOYMENT_TARGET = 10.2;
				MTL_ENABLE_DEBUG_INFO = YES;
				ONLY_ACTIVE_ARCH = YES;
				SDKROOT = iphoneos;
			};
			name = Debug;
		};
		168E457F1F948B2A006285BA /* Release */ = {
			isa = XCBuildConfiguration;
			buildSettings = {
				ALWAYS_SEARCH_USER_PATHS = NO;
				CLANG_ANALYZER_NONNULL = YES;
				CLANG_CXX_LANGUAGE_STANDARD = "gnu++0x";
				CLANG_CXX_LIBRARY = "libc++";
				CLANG_ENABLE_MODULES = YES;
				CLANG_ENABLE_OBJC_ARC = YES;
				CLANG_WARN_BOOL_CONVERSION = YES;
				CLANG_WARN_CONSTANT_CONVERSION = YES;
				CLANG_WARN_DIRECT_OBJC_ISA_USAGE = YES_ERROR;
				CLANG_WARN_DOCUMENTATION_COMMENTS = YES;
				CLANG_WARN_EMPTY_BODY = YES;
				CLANG_WARN_ENUM_CONVERSION = YES;
				CLANG_WARN_INFINITE_RECURSION = YES;
				CLANG_WARN_INT_CONVERSION = YES;
				CLANG_WARN_OBJC_ROOT_CLASS = YES_ERROR;
				CLANG_WARN_SUSPICIOUS_MOVE = YES;
				CLANG_WARN_UNREACHABLE_CODE = YES;
				CLANG_WARN__DUPLICATE_METHOD_MATCH = YES;
				"CODE_SIGN_IDENTITY[sdk=iphoneos*]" = "iPhone Developer";
				COPY_PHASE_STRIP = NO;
				DEBUG_INFORMATION_FORMAT = "dwarf-with-dsym";
				ENABLE_NS_ASSERTIONS = NO;
				ENABLE_STRICT_OBJC_MSGSEND = YES;
				GCC_C_LANGUAGE_STANDARD = gnu99;
				GCC_NO_COMMON_BLOCKS = YES;
				GCC_WARN_64_TO_32_BIT_CONVERSION = YES;
				GCC_WARN_ABOUT_RETURN_TYPE = YES_ERROR;
				GCC_WARN_UNDECLARED_SELECTOR = YES;
				GCC_WARN_UNINITIALIZED_AUTOS = YES_AGGRESSIVE;
				GCC_WARN_UNUSED_FUNCTION = YES;
				GCC_WARN_UNUSED_VARIABLE = YES;
				IPHONEOS_DEPLOYMENT_TARGET = 10.2;
				MTL_ENABLE_DEBUG_INFO = NO;
				SDKROOT = iphoneos;
				VALIDATE_PRODUCT = YES;
			};
			name = Release;
		};
		168E45811F948B2A006285BA /* Debug */ = {
			isa = XCBuildConfiguration;
			buildSettings = {
				ASSETCATALOG_COMPILER_APPICON_NAME = AppIcon;
				DEVELOPMENT_TEAM = BMF3J9Z4YF;
				INFOPLIST_FILE = JLXSectionIndexHints/Info.plist;
				LD_RUNPATH_SEARCH_PATHS = "$(inherited) @executable_path/Frameworks";
				PRODUCT_BUNDLE_IDENTIFIER = com.huatan.JLXSectionIndexHints;
				PRODUCT_NAME = "$(TARGET_NAME)";
			};
			name = Debug;
		};
		168E45821F948B2A006285BA /* Release */ = {
			isa = XCBuildConfiguration;
			buildSettings = {
				ASSETCATALOG_COMPILER_APPICON_NAME = AppIcon;
				DEVELOPMENT_TEAM = BMF3J9Z4YF;
				INFOPLIST_FILE = JLXSectionIndexHints/Info.plist;
				LD_RUNPATH_SEARCH_PATHS = "$(inherited) @executable_path/Frameworks";
				PRODUCT_BUNDLE_IDENTIFIER = com.huatan.JLXSectionIndexHints;
				PRODUCT_NAME = "$(TARGET_NAME)";
			};
			name = Release;
		};
		168E45841F948B2A006285BA /* Debug */ = {
			isa = XCBuildConfiguration;
			buildSettings = {
				BUNDLE_LOADER = "$(TEST_HOST)";
				INFOPLIST_FILE = JLXSectionIndexHintsTests/Info.plist;
				LD_RUNPATH_SEARCH_PATHS = "$(inherited) @executable_path/Frameworks @loader_path/Frameworks";
				PRODUCT_BUNDLE_IDENTIFIER = com.huatan.JLXSectionIndexHintsTests;
				PRODUCT_NAME = "$(TARGET_NAME)";
				TEST_HOST = "$(BUILT_PRODUCTS_DIR)/JLXSectionIndexHints.app/JLXSectionIndexHints";
			};
			name = Debug;
		};
		168E45851F948B2A006285BA /* Release */ = {
			isa = XCBuildConfiguration;
			buildSettings = {
				BUNDLE_LOADER = "$(TEST_HOST)";
				INFOPLIST_FILE = JLXSectionIndexHintsTests/Info.plist;
				LD_RUNPATH_SEARCH_PATHS = "$(inherited) @executable_path/Frameworks @loader_path/Frameworks";
				PRODUCT_BUNDLE_IDENTIFIER = com.huatan.JLXSectionIndexHintsTests;
				PRODUCT_NAME = "$(TARGET_NAME)";
				TEST_HOST = "$(BUILT_PRODUCTS_DIR)/JLXSectionIndexHints.app/JLXSectionIndexHints";
			};
			name = Release;
		};
		168E45871F948B2A006285BA /* Debug */ = {
			isa = XCBuildConfiguration;
			buildSettings = {
				INFOPLIST_FILE = JLXSectionIndexHintsUITests/Info.plist;
				LD_RUNPATH_SEARCH_PATHS = "$(inherited) @executable_path/Frameworks @loader_path/Frameworks";
				PRODUCT_BUNDLE_IDENTIFIER = com.huatan.JLXSectionIndexHintsUITests;
				PRODUCT_NAME = "$(TARGET_NAME)";
				TEST_TARGET_NAME = JLXSectionIndexHints;
			};
			name = Debug;
		};
		168E45881F948B2A006285BA /* Release */ = {
			isa = XCBuildConfiguration;
			buildSettings = {
				INFOPLIST_FILE = JLXSectionIndexHintsUITests/Info.plist;
				LD_RUNPATH_SEARCH_PATHS = "$(inherited) @executable_path/Frameworks @loader_path/Frameworks";
				PRODUCT_BUNDLE_IDENTIFIER = com.huatan.JLXSectionIndexHintsUITests;
				PRODUCT_NAME = "$(TARGET_NAME)";
				TEST_TARGET_NAME = JLXSectionIndexHints;
			};
			name = Release;
		};
/* End XCBuildConfiguration section */

/* Begin XCConfigurationList section */
		168E454E1F948B28006285BA /* Build configuration list for PBXProject "JLXSectionIndexHints" */ = {
			isa = XCConfigurationList;
			buildConfigurations = (
				168E457E1F948B2A006285BA /* Debug */,
				168E457F1F948B2A006285BA /* Release */,
			);
			defaultConfigurationIsVisible = 0;
			defaultConfigurationName = Release;
		};
		168E45801F948B2A006285BA /* Build configuration list for PBXNativeTarget "JLXSectionIndexHints" */ = {
			isa = XCConfigurationList;
			buildConfigurations = (
				168E45811F948B2A006285BA /* Debug */,
				168E45821F948B2A006285BA /* Release */,
			);
			defaultConfigurationIsVisible = 0;
			defaultConfigurationName = Release;
		};
		168E45831F948B2A006285BA /* Build configuration list for PBXNativeTarget "JLXSectionIndexHintsTests" */ = {
			isa = XCConfigurationList;
			buildConfigurations = (
				168E45841F948B2A006285BA /* Debug */,
				168E45851F948B2A006285BA /* Release */,
			);
			defaultConfigurationIsVisible = 0;
			defaultConfigurationName = Release;
		};
		168E45861F948B2A006285BA /* Build configuration list for PBXNativeTarget "JLXSectionIndexHintsUITests" */ = {
			isa = XCConfigurationList;
			buildConfigurations = (
				168E45871F948B2A006285BA /* Debug */,
				168E45881F948B2A006285BA /* Release */,
			);
			defaultConfigurationIsVisible = 0;
			defaultConfigurationName = Release;
		};
/* End XCConfigurationList section */
	};
	rootObject = 168E454B1F948B28006285BA /* Project object */;
}
