// !$*UTF8*$!
{
	archiveVersion = 1;
	classes = {
	};
	objectVersion = 48;
	objects = {

/* Begin PBXBuildFile section */
		7E146E952094172D00886042 /* AppDelegate.m in Sources */ = {isa = PBXBuildFile; fileRef = 7E146E942094172D00886042 /* AppDelegate.m */; };
		7E146E982094172D00886042 /* ViewController.m in Sources */ = {isa = PBXBuildFile; fileRef = 7E146E972094172D00886042 /* ViewController.m */; };
		7E146E9B2094172D00886042 /* Main.storyboard in Resources */ = {isa = PBXBuildFile; fileRef = 7E146E992094172D00886042 /* Main.storyboard */; };
		7E146E9D2094172D00886042 /* Assets.xcassets in Resources */ = {isa = PBXBuildFile; fileRef = 7E146E9C2094172D00886042 /* Assets.xcassets */; };
		7E146EA02094172D00886042 /* LaunchScreen.storyboard in Resources */ = {isa = PBXBuildFile; fileRef = 7E146E9E2094172D00886042 /* LaunchScreen.storyboard */; };
		7E146EA32094172D00886042 /* main.m in Sources */ = {isa = PBXBuildFile; fileRef = 7E146EA22094172D00886042 /* main.m */; };
		7E146EAD2094172D00886042 /* JJSectionIndexHintsTests.m in Sources */ = {isa = PBXBuildFile; fileRef = 7E146EAC2094172D00886042 /* JJSectionIndexHintsTests.m */; };
		7E146EB82094172D00886042 /* JJSectionIndexHintsUITests.m in Sources */ = {isa = PBXBuildFile; fileRef = 7E146EB72094172D00886042 /* JJSectionIndexHintsUITests.m */; };
		7E146EC82094179C00886042 /* UITableView+JJSectionIndexHints.m in Sources */ = {isa = PBXBuildFile; fileRef = 7E146EC72094179C00886042 /* UITableView+JJSectionIndexHints.m */; };
		7E146ECB209417FF00886042 /* ChineseToPinyin.m in Sources */ = {isa = PBXBuildFile; fileRef = 7E146ECA209417FF00886042 /* ChineseToPinyin.m */; };
		7E146ECE2094181E00886042 /* JJContactIndex.m in Sources */ = {isa = PBXBuildFile; fileRef = 7E146ECD2094181E00886042 /* JJContactIndex.m */; };
		7E146ED12094185400886042 /* JJContactModel.m in Sources */ = {isa = PBXBuildFile; fileRef = 7E146ED02094185400886042 /* JJContactModel.m */; };
		7E146ED42094189100886042 /* JJContactData.m in Sources */ = {isa = PBXBuildFile; fileRef = 7E146ED32094189100886042 /* JJContactData.m */; };
		7E146F66209420E000886042 /* ezgif.com-optimize.gif in Resources */ = {isa = PBXBuildFile; fileRef = 7E146F65209420E000886042 /* ezgif.com-optimize.gif */; };
/* End PBXBuildFile section */

/* Begin PBXContainerItemProxy section */
		7E146EA92094172D00886042 /* PBXContainerItemProxy */ = {
			isa = PBXContainerItemProxy;
			containerPortal = 7E146E882094172D00886042 /* Project object */;
			proxyType = 1;
			remoteGlobalIDString = 7E146E8F2094172D00886042;
			remoteInfo = JJSectionIndexHints;
		};
		7E146EB42094172D00886042 /* PBXContainerItemProxy */ = {
			isa = PBXContainerItemProxy;
			containerPortal = 7E146E882094172D00886042 /* Project object */;
			proxyType = 1;
			remoteGlobalIDString = 7E146E8F2094172D00886042;
			remoteInfo = JJSectionIndexHints;
		};
/* End PBXContainerItemProxy section */

/* Begin PBXFileReference section */
		7E146E902094172D00886042 /* JJSectionIndexHints.app */ = {isa = PBXFileReference; explicitFileType = wrapper.application; includeInIndex = 0; path = JJSectionIndexHints.app; sourceTree = BUILT_PRODUCTS_DIR; };
		7E146E932094172D00886042 /* AppDelegate.h */ = {isa = PBXFileReference; lastKnownFileType = sourcecode.c.h; path = AppDelegate.h; sourceTree = "<group>"; };
		7E146E942094172D00886042 /* AppDelegate.m */ = {isa = PBXFileReference; lastKnownFileType = sourcecode.c.objc; path = AppDelegate.m; sourceTree = "<group>"; };
		7E146E962094172D00886042 /* ViewController.h */ = {isa = PBXFileReference; lastKnownFileType = sourcecode.c.h; path = ViewController.h; sourceTree = "<group>"; };
		7E146E972094172D00886042 /* ViewController.m */ = {isa = PBXFileReference; lastKnownFileType = sourcecode.c.objc; path = ViewController.m; sourceTree = "<group>"; };
		7E146E9A2094172D00886042 /* Base */ = {isa = PBXFileReference; lastKnownFileType = file.storyboard; name = Base; path = Base.lproj/Main.storyboard; sourceTree = "<group>"; };
		7E146E9C2094172D00886042 /* Assets.xcassets */ = {isa = PBXFileReference; lastKnownFileType = folder.assetcatalog; path = Assets.xcassets; sourceTree = "<group>"; };
		7E146E9F2094172D00886042 /* Base */ = {isa = PBXFileReference; lastKnownFileType = file.storyboard; name = Base; path = Base.lproj/LaunchScreen.storyboard; sourceTree = "<group>"; };
		7E146EA12094172D00886042 /* Info.plist */ = {isa = PBXFileReference; lastKnownFileType = text.plist.xml; path = Info.plist; sourceTree = "<group>"; };
		7E146EA22094172D00886042 /* main.m */ = {isa = PBXFileReference; lastKnownFileType = sourcecode.c.objc; path = main.m; sourceTree = "<group>"; };
		7E146EA82094172D00886042 /* JJSectionIndexHintsTests.xctest */ = {isa = PBXFileReference; explicitFileType = wrapper.cfbundle; includeInIndex = 0; path = JJSectionIndexHintsTests.xctest; sourceTree = BUILT_PRODUCTS_DIR; };
		7E146EAC2094172D00886042 /* JJSectionIndexHintsTests.m */ = {isa = PBXFileReference; lastKnownFileType = sourcecode.c.objc; path = JJSectionIndexHintsTests.m; sourceTree = "<group>"; };
		7E146EAE2094172D00886042 /* Info.plist */ = {isa = PBXFileReference; lastKnownFileType = text.plist.xml; path = Info.plist; sourceTree = "<group>"; };
		7E146EB32094172D00886042 /* JJSectionIndexHintsUITests.xctest */ = {isa = PBXFileReference; explicitFileType = wrapper.cfbundle; includeInIndex = 0; path = JJSectionIndexHintsUITests.xctest; sourceTree = BUILT_PRODUCTS_DIR; };
		7E146EB72094172D00886042 /* JJSectionIndexHintsUITests.m */ = {isa = PBXFileReference; lastKnownFileType = sourcecode.c.objc; path = JJSectionIndexHintsUITests.m; sourceTree = "<group>"; };
		7E146EB92094172D00886042 /* Info.plist */ = {isa = PBXFileReference; lastKnownFileType = text.plist.xml; path = Info.plist; sourceTree = "<group>"; };
		7E146EC62094179C00886042 /* UITableView+JJSectionIndexHints.h */ = {isa = PBXFileReference; lastKnownFileType = sourcecode.c.h; path = "UITableView+JJSectionIndexHints.h"; sourceTree = "<group>"; };
		7E146EC72094179C00886042 /* UITableView+JJSectionIndexHints.m */ = {isa = PBXFileReference; lastKnownFileType = sourcecode.c.objc; path = "UITableView+JJSectionIndexHints.m"; sourceTree = "<group>"; };
		7E146EC9209417FF00886042 /* ChineseToPinyin.h */ = {isa = PBXFileReference; fileEncoding = 4; lastKnownFileType = sourcecode.c.h; path = ChineseToPinyin.h; sourceTree = "<group>"; };
		7E146ECA209417FF00886042 /* ChineseToPinyin.m */ = {isa = PBXFileReference; fileEncoding = 4; lastKnownFileType = sourcecode.c.objc; path = ChineseToPinyin.m; sourceTree = "<group>"; };
		7E146ECC2094181E00886042 /* JJContactIndex.h */ = {isa = PBXFileReference; lastKnownFileType = sourcecode.c.h; path = JJContactIndex.h; sourceTree = "<group>"; };
		7E146ECD2094181E00886042 /* JJContactIndex.m */ = {isa = PBXFileReference; lastKnownFileType = sourcecode.c.objc; path = JJContactIndex.m; sourceTree = "<group>"; };
		7E146ECF2094185400886042 /* JJContactModel.h */ = {isa = PBXFileReference; lastKnownFileType = sourcecode.c.h; path = JJContactModel.h; sourceTree = "<group>"; };
		7E146ED02094185400886042 /* JJContactModel.m */ = {isa = PBXFileReference; lastKnownFileType = sourcecode.c.objc; path = JJContactModel.m; sourceTree = "<group>"; };
		7E146ED22094189100886042 /* JJContactData.h */ = {isa = PBXFileReference; lastKnownFileType = sourcecode.c.h; path = JJContactData.h; sourceTree = "<group>"; };
		7E146ED32094189100886042 /* JJContactData.m */ = {isa = PBXFileReference; lastKnownFileType = sourcecode.c.objc; path = JJContactData.m; sourceTree = "<group>"; };
		7E146F65209420E000886042 /* ezgif.com-optimize.gif */ = {isa = PBXFileReference; lastKnownFileType = image.gif; path = "ezgif.com-optimize.gif"; sourceTree = "<group>"; };
/* End PBXFileReference section */

/* Begin PBXFrameworksBuildPhase section */
		7E146E8D2094172D00886042 /* Frameworks */ = {
			isa = PBXFrameworksBuildPhase;
			buildActionMask = 2147483647;
			files = (
			);
			runOnlyForDeploymentPostprocessing = 0;
		};
		7E146EA52094172D00886042 /* Frameworks */ = {
			isa = PBXFrameworksBuildPhase;
			buildActionMask = 2147483647;
			files = (
			);
			runOnlyForDeploymentPostprocessing = 0;
		};
		7E146EB02094172D00886042 /* Frameworks */ = {
			isa = PBXFrameworksBuildPhase;
			buildActionMask = 2147483647;
			files = (
			);
			runOnlyForDeploymentPostprocessing = 0;
		};
/* End PBXFrameworksBuildPhase section */

/* Begin PBXGroup section */
		7E146E872094172D00886042 = {
			isa = PBXGroup;
			children = (
				7E146E922094172D00886042 /* JJSectionIndexHints */,
				7E146EAB2094172D00886042 /* JJSectionIndexHintsTests */,
				7E146EB62094172D00886042 /* JJSectionIndexHintsUITests */,
				7E146E912094172D00886042 /* Products */,
			);
			sourceTree = "<group>";
		};
		7E146E912094172D00886042 /* Products */ = {
			isa = PBXGroup;
			children = (
				7E146E902094172D00886042 /* JJSectionIndexHints.app */,
				7E146EA82094172D00886042 /* JJSectionIndexHintsTests.xctest */,
				7E146EB32094172D00886042 /* JJSectionIndexHintsUITests.xctest */,
			);
			name = Products;
			sourceTree = "<group>";
		};
		7E146E922094172D00886042 /* JJSectionIndexHints */ = {
			isa = PBXGroup;
			children = (
				7E146F64209420C100886042 /* Image */,
				7E146EC52094176A00886042 /* JJSectionIndexHints */,
				7E146E932094172D00886042 /* AppDelegate.h */,
				7E146E942094172D00886042 /* AppDelegate.m */,
				7E146E962094172D00886042 /* ViewController.h */,
				7E146E972094172D00886042 /* ViewController.m */,
				7E146ECF2094185400886042 /* JJContactModel.h */,
				7E146ED02094185400886042 /* JJContactModel.m */,
				7E146ED22094189100886042 /* JJContactData.h */,
				7E146ED32094189100886042 /* JJContactData.m */,
				7E146ECC2094181E00886042 /* JJContactIndex.h */,
				7E146ECD2094181E00886042 /* JJContactIndex.m */,
				7E146EC9209417FF00886042 /* ChineseToPinyin.h */,
				7E146ECA209417FF00886042 /* ChineseToPinyin.m */,
				7E146E992094172D00886042 /* Main.storyboard */,
				7E146E9C2094172D00886042 /* Assets.xcassets */,
				7E146E9E2094172D00886042 /* LaunchScreen.storyboard */,
				7E146EA12094172D00886042 /* Info.plist */,
				7E146EA22094172D00886042 /* main.m */,
			);
			path = JJSectionIndexHints;
			sourceTree = "<group>";
		};
		7E146EAB2094172D00886042 /* JJSectionIndexHintsTests */ = {
			isa = PBXGroup;
			children = (
				7E146EAC2094172D00886042 /* JJSectionIndexHintsTests.m */,
				7E146EAE2094172D00886042 /* Info.plist */,
			);
			path = JJSectionIndexHintsTests;
			sourceTree = "<group>";
		};
		7E146EB62094172D00886042 /* JJSectionIndexHintsUITests */ = {
			isa = PBXGroup;
			children = (
				7E146EB72094172D00886042 /* JJSectionIndexHintsUITests.m */,
				7E146EB92094172D00886042 /* Info.plist */,
			);
			path = JJSectionIndexHintsUITests;
			sourceTree = "<group>";
		};
		7E146EC52094176A00886042 /* JJSectionIndexHints */ = {
			isa = PBXGroup;
			children = (
				7E146EC62094179C00886042 /* UITableView+JJSectionIndexHints.h */,
				7E146EC72094179C00886042 /* UITableView+JJSectionIndexHints.m */,
			);
			path = JJSectionIndexHints;
			sourceTree = "<group>";
		};
		7E146F64209420C100886042 /* Image */ = {
			isa = PBXGroup;
			children = (
				7E146F65209420E000886042 /* ezgif.com-optimize.gif */,
			);
			path = Image;
			sourceTree = "<group>";
		};
/* End PBXGroup section */

/* Begin PBXNativeTarget section */
		7E146E8F2094172D00886042 /* JJSectionIndexHints */ = {
			isa = PBXNativeTarget;
			buildConfigurationList = 7E146EBC2094172D00886042 /* Build configuration list for PBXNativeTarget "JJSectionIndexHints" */;
			buildPhases = (
				7E146E8C2094172D00886042 /* Sources */,
				7E146E8D2094172D00886042 /* Frameworks */,
				7E146E8E2094172D00886042 /* Resources */,
			);
			buildRules = (
			);
			dependencies = (
			);
			name = JJSectionIndexHints;
			productName = JJSectionIndexHints;
			productReference = 7E146E902094172D00886042 /* JJSectionIndexHints.app */;
			productType = "com.apple.product-type.application";
		};
		7E146EA72094172D00886042 /* JJSectionIndexHintsTests */ = {
			isa = PBXNativeTarget;
			buildConfigurationList = 7E146EBF2094172D00886042 /* Build configuration list for PBXNativeTarget "JJSectionIndexHintsTests" */;
			buildPhases = (
				7E146EA42094172D00886042 /* Sources */,
				7E146EA52094172D00886042 /* Frameworks */,
				7E146EA62094172D00886042 /* Resources */,
			);
			buildRules = (
			);
			dependencies = (
				7E146EAA2094172D00886042 /* PBXTargetDependency */,
			);
			name = JJSectionIndexHintsTests;
			productName = JJSectionIndexHintsTests;
			productReference = 7E146EA82094172D00886042 /* JJSectionIndexHintsTests.xctest */;
			productType = "com.apple.product-type.bundle.unit-test";
		};
		7E146EB22094172D00886042 /* JJSectionIndexHintsUITests */ = {
			isa = PBXNativeTarget;
			buildConfigurationList = 7E146EC22094172D00886042 /* Build configuration list for PBXNativeTarget "JJSectionIndexHintsUITests" */;
			buildPhases = (
				7E146EAF2094172D00886042 /* Sources */,
				7E146EB02094172D00886042 /* Frameworks */,
				7E146EB12094172D00886042 /* Resources */,
			);
			buildRules = (
			);
			dependencies = (
				7E146EB52094172D00886042 /* PBXTargetDependency */,
			);
			name = JJSectionIndexHintsUITests;
			productName = JJSectionIndexHintsUITests;
			productReference = 7E146EB32094172D00886042 /* JJSectionIndexHintsUITests.xctest */;
			productType = "com.apple.product-type.bundle.ui-testing";
		};
/* End PBXNativeTarget section */

/* Begin PBXProject section */
		7E146E882094172D00886042 /* Project object */ = {
			isa = PBXProject;
			attributes = {
				CLASSPREFIX = JJ;
				LastUpgradeCheck = 0920;
				ORGANIZATIONNAME = Lance;
				TargetAttributes = {
					7E146E8F2094172D00886042 = {
						CreatedOnToolsVersion = 9.2;
						ProvisioningStyle = Automatic;
					};
					7E146EA72094172D00886042 = {
						CreatedOnToolsVersion = 9.2;
						ProvisioningStyle = Automatic;
						TestTargetID = 7E146E8F2094172D00886042;
					};
					7E146EB22094172D00886042 = {
						CreatedOnToolsVersion = 9.2;
						ProvisioningStyle = Automatic;
						TestTargetID = 7E146E8F2094172D00886042;
					};
				};
			};
			buildConfigurationList = 7E146E8B2094172D00886042 /* Build configuration list for PBXProject "JJSectionIndexHints" */;
			compatibilityVersion = "Xcode 8.0";
			developmentRegion = en;
			hasScannedForEncodings = 0;
			knownRegions = (
				en,
				Base,
			);
			mainGroup = 7E146E872094172D00886042;
			productRefGroup = 7E146E912094172D00886042 /* Products */;
			projectDirPath = "";
			projectRoot = "";
			targets = (
				7E146E8F2094172D00886042 /* JJSectionIndexHints */,
				7E146EA72094172D00886042 /* JJSectionIndexHintsTests */,
				7E146EB22094172D00886042 /* JJSectionIndexHintsUITests */,
			);
		};
/* End PBXProject section */

/* Begin PBXResourcesBuildPhase section */
		7E146E8E2094172D00886042 /* Resources */ = {
			isa = PBXResourcesBuildPhase;
			buildActionMask = 2147483647;
			files = (
				7E146EA02094172D00886042 /* LaunchScreen.storyboard in Resources */,
				7E146E9D2094172D00886042 /* Assets.xcassets in Resources */,
				7E146F66209420E000886042 /* ezgif.com-optimize.gif in Resources */,
				7E146E9B2094172D00886042 /* Main.storyboard in Resources */,
			);
			runOnlyForDeploymentPostprocessing = 0;
		};
		7E146EA62094172D00886042 /* Resources */ = {
			isa = PBXResourcesBuildPhase;
			buildActionMask = 2147483647;
			files = (
			);
			runOnlyForDeploymentPostprocessing = 0;
		};
		7E146EB12094172D00886042 /* Resources */ = {
			isa = PBXResourcesBuildPhase;
			buildActionMask = 2147483647;
			files = (
			);
			runOnlyForDeploymentPostprocessing = 0;
		};
/* End PBXResourcesBuildPhase section */

/* Begin PBXSourcesBuildPhase section */
		7E146E8C2094172D00886042 /* Sources */ = {
			isa = PBXSourcesBuildPhase;
			buildActionMask = 2147483647;
			files = (
				7E146ED12094185400886042 /* JJContactModel.m in Sources */,
				7E146E982094172D00886042 /* ViewController.m in Sources */,
				7E146ECB209417FF00886042 /* ChineseToPinyin.m in Sources */,
				7E146EC82094179C00886042 /* UITableView+JJSectionIndexHints.m in Sources */,
				7E146ED42094189100886042 /* JJContactData.m in Sources */,
				7E146ECE2094181E00886042 /* JJContactIndex.m in Sources */,
				7E146EA32094172D00886042 /* main.m in Sources */,
				7E146E952094172D00886042 /* AppDelegate.m in Sources */,
			);
			runOnlyForDeploymentPostprocessing = 0;
		};
		7E146EA42094172D00886042 /* Sources */ = {
			isa = PBXSourcesBuildPhase;
			buildActionMask = 2147483647;
			files = (
				7E146EAD2094172D00886042 /* JJSectionIndexHintsTests.m in Sources */,
			);
			runOnlyForDeploymentPostprocessing = 0;
		};
		7E146EAF2094172D00886042 /* Sources */ = {
			isa = PBXSourcesBuildPhase;
			buildActionMask = 2147483647;
			files = (
				7E146EB82094172D00886042 /* JJSectionIndexHintsUITests.m in Sources */,
			);
			runOnlyForDeploymentPostprocessing = 0;
		};
/* End PBXSourcesBuildPhase section */

/* Begin PBXTargetDependency section */
		7E146EAA2094172D00886042 /* PBXTargetDependency */ = {
			isa = PBXTargetDependency;
			target = 7E146E8F2094172D00886042 /* JJSectionIndexHints */;
			targetProxy = 7E146EA92094172D00886042 /* PBXContainerItemProxy */;
		};
		7E146EB52094172D00886042 /* PBXTargetDependency */ = {
			isa = PBXTargetDependency;
			target = 7E146E8F2094172D00886042 /* JJSectionIndexHints */;
			targetProxy = 7E146EB42094172D00886042 /* PBXContainerItemProxy */;
		};
/* End PBXTargetDependency section */

/* Begin PBXVariantGroup section */
		7E146E992094172D00886042 /* Main.storyboard */ = {
			isa = PBXVariantGroup;
			children = (
				7E146E9A2094172D00886042 /* Base */,
			);
			name = Main.storyboard;
			sourceTree = "<group>";
		};
		7E146E9E2094172D00886042 /* LaunchScreen.storyboard */ = {
			isa = PBXVariantGroup;
			children = (
				7E146E9F2094172D00886042 /* Base */,
			);
			name = LaunchScreen.storyboard;
			sourceTree = "<group>";
		};
/* End PBXVariantGroup section */

/* Begin XCBuildConfiguration section */
		7E146EBA2094172D00886042 /* Debug */ = {
			isa = XCBuildConfiguration;
			buildSettings = {
				ALWAYS_SEARCH_USER_PATHS = NO;
				CLANG_ANALYZER_NONNULL = YES;
				CLANG_ANALYZER_NUMBER_OBJECT_CONVERSION = YES_AGGRESSIVE;
				CLANG_CXX_LANGUAGE_STANDARD = "gnu++14";
				CLANG_CXX_LIBRARY = "libc++";
				CLANG_ENABLE_MODULES = YES;
				CLANG_ENABLE_OBJC_ARC = YES;
				CLANG_WARN_BLOCK_CAPTURE_AUTORELEASING = YES;
				CLANG_WARN_BOOL_CONVERSION = YES;
				CLANG_WARN_COMMA = YES;
				CLANG_WARN_CONSTANT_CONVERSION = YES;
				CLANG_WARN_DIRECT_OBJC_ISA_USAGE = YES_ERROR;
				CLANG_WARN_DOCUMENTATION_COMMENTS = YES;
				CLANG_WARN_EMPTY_BODY = YES;
				CLANG_WARN_ENUM_CONVERSION = YES;
				CLANG_WARN_INFINITE_RECURSION = YES;
				CLANG_WARN_INT_CONVERSION = YES;
				CLANG_WARN_NON_LITERAL_NULL_CONVERSION = YES;
				CLANG_WARN_OBJC_LITERAL_CONVERSION = YES;
				CLANG_WARN_OBJC_ROOT_CLASS = YES_ERROR;
				CLANG_WARN_RANGE_LOOP_ANALYSIS = YES;
				CLANG_WARN_STRICT_PROTOTYPES = YES;
				CLANG_WARN_SUSPICIOUS_MOVE = YES;
				CLANG_WARN_UNGUARDED_AVAILABILITY = YES_AGGRESSIVE;
				CLANG_WARN_UNREACHABLE_CODE = YES;
				CLANG_WARN__DUPLICATE_METHOD_MATCH = YES;
				CODE_SIGN_IDENTITY = "iPhone Developer";
				COPY_PHASE_STRIP = NO;
				DEBUG_INFORMATION_FORMAT = dwarf;
				ENABLE_STRICT_OBJC_MSGSEND = YES;
				ENABLE_TESTABILITY = YES;
				GCC_C_LANGUAGE_STANDARD = gnu11;
				GCC_DYNAMIC_NO_PIC = NO;
				GCC_NO_COMMON_BLOCKS = YES;
				GCC_OPTIMIZATION_LEVEL = 0;
				GCC_PREPROCESSOR_DEFINITIONS = (
					"DEBUG=1",
					"$(inherited)",
				);
				GCC_WARN_64_TO_32_BIT_CONVERSION = YES;
				GCC_WARN_ABOUT_RETURN_TYPE = YES_ERROR;
				GCC_WARN_UNDECLARED_SELECTOR = YES;
				GCC_WARN_UNINITIALIZED_AUTOS = YES_AGGRESSIVE;
				GCC_WARN_UNUSED_FUNCTION = YES;
				GCC_WARN_UNUSED_VARIABLE = YES;
				IPHONEOS_DEPLOYMENT_TARGET = 11.2;
				MTL_ENABLE_DEBUG_INFO = YES;
				ONLY_ACTIVE_ARCH = YES;
				SDKROOT = iphoneos;
			};
			name = Debug;
		};
		7E146EBB2094172D00886042 /* Release */ = {
			isa = XCBuildConfiguration;
			buildSettings = {
				ALWAYS_SEARCH_USER_PATHS = NO;
				CLANG_ANALYZER_NONNULL = YES;
				CLANG_ANALYZER_NUMBER_OBJECT_CONVERSION = YES_AGGRESSIVE;
				CLANG_CXX_LANGUAGE_STANDARD = "gnu++14";
				CLANG_CXX_LIBRARY = "libc++";
				CLANG_ENABLE_MODULES = YES;
				CLANG_ENABLE_OBJC_ARC = YES;
				CLANG_WARN_BLOCK_CAPTURE_AUTORELEASING = YES;
				CLANG_WARN_BOOL_CONVERSION = YES;
				CLANG_WARN_COMMA = YES;
				CLANG_WARN_CONSTANT_CONVERSION = YES;
				CLANG_WARN_DIRECT_OBJC_ISA_USAGE = YES_ERROR;
				CLANG_WARN_DOCUMENTATION_COMMENTS = YES;
				CLANG_WARN_EMPTY_BODY = YES;
				CLANG_WARN_ENUM_CONVERSION = YES;
				CLANG_WARN_INFINITE_RECURSION = YES;
				CLANG_WARN_INT_CONVERSION = YES;
				CLANG_WARN_NON_LITERAL_NULL_CONVERSION = YES;
				CLANG_WARN_OBJC_LITERAL_CONVERSION = YES;
				CLANG_WARN_OBJC_ROOT_CLASS = YES_ERROR;
				CLANG_WARN_RANGE_LOOP_ANALYSIS = YES;
				CLANG_WARN_STRICT_PROTOTYPES = YES;
				CLANG_WARN_SUSPICIOUS_MOVE = YES;
				CLANG_WARN_UNGUARDED_AVAILABILITY = YES_AGGRESSIVE;
				CLANG_WARN_UNREACHABLE_CODE = YES;
				CLANG_WARN__DUPLICATE_METHOD_MATCH = YES;
				CODE_SIGN_IDENTITY = "iPhone Developer";
				COPY_PHASE_STRIP = NO;
				DEBUG_INFORMATION_FORMAT = "dwarf-with-dsym";
				ENABLE_NS_ASSERTIONS = NO;
				ENABLE_STRICT_OBJC_MSGSEND = YES;
				GCC_C_LANGUAGE_STANDARD = gnu11;
				GCC_NO_COMMON_BLOCKS = YES;
				GCC_WARN_64_TO_32_BIT_CONVERSION = YES;
				GCC_WARN_ABOUT_RETURN_TYPE = YES_ERROR;
				GCC_WARN_UNDECLARED_SELECTOR = YES;
				GCC_WARN_UNINITIALIZED_AUTOS = YES_AGGRESSIVE;
				GCC_WARN_UNUSED_FUNCTION = YES;
				GCC_WARN_UNUSED_VARIABLE = YES;
				IPHONEOS_DEPLOYMENT_TARGET = 11.2;
				MTL_ENABLE_DEBUG_INFO = NO;
				SDKROOT = iphoneos;
				VALIDATE_PRODUCT = YES;
			};
			name = Release;
		};
		7E146EBD2094172D00886042 /* Debug */ = {
			isa = XCBuildConfiguration;
			buildSettings = {
				ASSETCATALOG_COMPILER_APPICON_NAME = AppIcon;
				CODE_SIGN_STYLE = Automatic;
				DEVELOPMENT_TEAM = 86KYV64QTU;
				INFOPLIST_FILE = JJSectionIndexHints/Info.plist;
				IPHONEOS_DEPLOYMENT_TARGET = 10.0;
				LD_RUNPATH_SEARCH_PATHS = "$(inherited) @executable_path/Frameworks";
				PRODUCT_BUNDLE_IDENTIFIER = com.Lance.JJSectionIndexHints;
				PRODUCT_NAME = "$(TARGET_NAME)";
				TARGETED_DEVICE_FAMILY = 1;
			};
			name = Debug;
		};
		7E146EBE2094172D00886042 /* Release */ = {
			isa = XCBuildConfiguration;
			buildSettings = {
				ASSETCATALOG_COMPILER_APPICON_NAME = AppIcon;
				CODE_SIGN_STYLE = Automatic;
				DEVELOPMENT_TEAM = 86KYV64QTU;
				INFOPLIST_FILE = JJSectionIndexHints/Info.plist;
				IPHONEOS_DEPLOYMENT_TARGET = 10.0;
				LD_RUNPATH_SEARCH_PATHS = "$(inherited) @executable_path/Frameworks";
				PRODUCT_BUNDLE_IDENTIFIER = com.Lance.JJSectionIndexHints;
				PRODUCT_NAME = "$(TARGET_NAME)";
				TARGETED_DEVICE_FAMILY = 1;
			};
			name = Release;
		};
		7E146EC02094172D00886042 /* Debug */ = {
			isa = XCBuildConfiguration;
			buildSettings = {
				BUNDLE_LOADER = "$(TEST_HOST)";
				CODE_SIGN_STYLE = Automatic;
				DEVELOPMENT_TEAM = 86KYV64QTU;
				INFOPLIST_FILE = JJSectionIndexHintsTests/Info.plist;
				LD_RUNPATH_SEARCH_PATHS = "$(inherited) @executable_path/Frameworks @loader_path/Frameworks";
				PRODUCT_BUNDLE_IDENTIFIER = com.Lance.JJSectionIndexHintsTests;
				PRODUCT_NAME = "$(TARGET_NAME)";
				TARGETED_DEVICE_FAMILY = "1,2";
				TEST_HOST = "$(BUILT_PRODUCTS_DIR)/JJSectionIndexHints.app/JJSectionIndexHints";
			};
			name = Debug;
		};
		7E146EC12094172D00886042 /* Release */ = {
			isa = XCBuildConfiguration;
			buildSettings = {
				BUNDLE_LOADER = "$(TEST_HOST)";
				CODE_SIGN_STYLE = Automatic;
				DEVELOPMENT_TEAM = 86KYV64QTU;
				INFOPLIST_FILE = JJSectionIndexHintsTests/Info.plist;
				LD_RUNPATH_SEARCH_PATHS = "$(inherited) @executable_path/Frameworks @loader_path/Frameworks";
				PRODUCT_BUNDLE_IDENTIFIER = com.Lance.JJSectionIndexHintsTests;
				PRODUCT_NAME = "$(TARGET_NAME)";
				TARGETED_DEVICE_FAMILY = "1,2";
				TEST_HOST = "$(BUILT_PRODUCTS_DIR)/JJSectionIndexHints.app/JJSectionIndexHints";
			};
			name = Release;
		};
		7E146EC32094172D00886042 /* Debug */ = {
			isa = XCBuildConfiguration;
			buildSettings = {
				CODE_SIGN_STYLE = Automatic;
				DEVELOPMENT_TEAM = 86KYV64QTU;
				INFOPLIST_FILE = JJSectionIndexHintsUITests/Info.plist;
				LD_RUNPATH_SEARCH_PATHS = "$(inherited) @executable_path/Frameworks @loader_path/Frameworks";
				PRODUCT_BUNDLE_IDENTIFIER = com.Lance.JJSectionIndexHintsUITests;
				PRODUCT_NAME = "$(TARGET_NAME)";
				TARGETED_DEVICE_FAMILY = "1,2";
				TEST_TARGET_NAME = JJSectionIndexHints;
			};
			name = Debug;
		};
		7E146EC42094172D00886042 /* Release */ = {
			isa = XCBuildConfiguration;
			buildSettings = {
				CODE_SIGN_STYLE = Automatic;
				DEVELOPMENT_TEAM = 86KYV64QTU;
				INFOPLIST_FILE = JJSectionIndexHintsUITests/Info.plist;
				LD_RUNPATH_SEARCH_PATHS = "$(inherited) @executable_path/Frameworks @loader_path/Frameworks";
				PRODUCT_BUNDLE_IDENTIFIER = com.Lance.JJSectionIndexHintsUITests;
				PRODUCT_NAME = "$(TARGET_NAME)";
				TARGETED_DEVICE_FAMILY = "1,2";
				TEST_TARGET_NAME = JJSectionIndexHints;
			};
			name = Release;
		};
/* End XCBuildConfiguration section */

/* Begin XCConfigurationList section */
		7E146E8B2094172D00886042 /* Build configuration list for PBXProject "JJSectionIndexHints" */ = {
			isa = XCConfigurationList;
			buildConfigurations = (
				7E146EBA2094172D00886042 /* Debug */,
				7E146EBB2094172D00886042 /* Release */,
			);
			defaultConfigurationIsVisible = 0;
			defaultConfigurationName = Release;
		};
		7E146EBC2094172D00886042 /* Build configuration list for PBXNativeTarget "JJSectionIndexHints" */ = {
			isa = XCConfigurationList;
			buildConfigurations = (
				7E146EBD2094172D00886042 /* Debug */,
				7E146EBE2094172D00886042 /* Release */,
			);
			defaultConfigurationIsVisible = 0;
			defaultConfigurationName = Release;
		};
		7E146EBF2094172D00886042 /* Build configuration list for PBXNativeTarget "JJSectionIndexHintsTests" */ = {
			isa = XCConfigurationList;
			buildConfigurations = (
				7E146EC02094172D00886042 /* Debug */,
				7E146EC12094172D00886042 /* Release */,
			);
			defaultConfigurationIsVisible = 0;
			defaultConfigurationName = Release;
		};
		7E146EC22094172D00886042 /* Build configuration list for PBXNativeTarget "JJSectionIndexHintsUITests" */ = {
			isa = XCConfigurationList;
			buildConfigurations = (
				7E146EC32094172D00886042 /* Debug */,
				7E146EC42094172D00886042 /* Release */,
			);
			defaultConfigurationIsVisible = 0;
			defaultConfigurationName = Release;
		};
/* End XCConfigurationList section */
	};
	rootObject = 7E146E882094172D00886042 /* Project object */;
}
